{
  "name": "Password Generator",
  "lockfileVersion": 2,
  "requires": true,
  "packages": {
    "": {
      "dependencies": {
        "css-checkbox-library": "^1.5.2",
        "hint.css": "^2.7.0",
        "zxcvbn": "^4.4.2"
      }
    },
    "node_modules/css-checkbox-library": {
      "version": "1.5.2",
      "resolved": "https://registry.npmjs.org/css-checkbox-library/-/css-checkbox-library-1.5.2.tgz",
      "integrity": "sha512-3E6mcqLuHN7zCAoZpa3VgCWDfo4kr5Eft6ASqYT9fDzAzsFPNJmqmS8hRFBnR7pswQYZ290WhwF5g1DMVBVZDw=="
    },
    "node_modules/hint.css": {
      "version": "2.7.0",
      "resolved": "https://registry.npmjs.org/hint.css/-/hint.css-2.7.0.tgz",
      "integrity": "sha512-kNtr/oXTOFA+qYLFAHY1dKVKZuAbavCPB22+w9kaFzqjB9ZLSFJyksxrVsJCphQiQxAYLazXZdrOaGLRe0hZMA=="
    },
    "node_modules/zxcvbn": {
      "version": "4.4.2",
      "resolved": "https://registry.npmjs.org/zxcvbn/-/zxcvbn-4.4.2.tgz",
      "integrity": "sha512-Bq0B+ixT/DMyG8kgX2xWcI5jUvCwqrMxSFam7m0lAf78nf04hv6lNCsyLYdyYTrCVMqNDY/206K7eExYCeSyUQ=="
    }
  },
  "dependencies": {
    "css-checkbox-library": {
      "version": "1.5.2",
      "resolved": "https://registry.npmjs.org/css-checkbox-library/-/css-checkbox-library-1.5.2.tgz",
      "integrity": "sha512-3E6mcqLuHN7zCAoZpa3VgCWDfo4kr5Eft6ASqYT9fDzAzsFPNJmqmS8hRFBnR7pswQYZ290WhwF5g1DMVBVZDw=="
    },
    "hint.css": {
      "version": "2.7.0",
      "resolved": "https://registry.npmjs.org/hint.css/-/hint.css-2.7.0.tgz",
      "integrity": "sha512-kNtr/oXTOFA+qYLFAHY1dKVKZuAbavCPB22+w9kaFzqjB9ZLSFJyksxrVsJCphQiQxAYLazXZdrOaGLRe0hZMA=="
    },
    "zxcvbn": {
      "version": "4.4.2",
      "resolved": "https://registry.npmjs.org/zxcvbn/-/zxcvbn-4.4.2.tgz",
      "integrity": "sha512-Bq0B+ixT/DMyG8kgX2xWcI5jUvCwqrMxSFam7m0lAf78nf04hv6lNCsyLYdyYTrCVMqNDY/206K7eExYCeSyUQ=="
    }
  }
}
